
Microsoft Visual Studio Solution File, Format Version 12.00
# Visual Studio Version 17
VisualStudioVersion = 17.3.32929.385
MinimumVisualStudioVersion = 10.0.40219.1
Project("{FAE04EC0-301F-11D3-BF4B-00C04F79EFBC}") = "WebApplicationLegacy", "WebApplicationLegacy\WebApplicationLegacy.csproj", "{32DBB8D3-07FE-45CC-B451-522C2886B82C}"
EndProject
Global
	GlobalSection(SolutionConfigurationPlatforms) = preSolution
		Debug|Any CPU = Debug|Any CPU
		Release|Any CPU = Release|Any CPU
	EndGlobalSection
	GlobalSection(ProjectConfigurationPlatforms) = postSolution
		{32DBB8D3-07FE-45CC-B451-522C2886B82C}.Debug|Any CPU.ActiveCfg = Debug|Any CPU
		{32DBB8D3-07FE-45CC-B451-522C2886B82C}.Debug|Any CPU.Build.0 = Debug|Any CPU
		{32DBB8D3-07FE-45CC-B451-522C2886B82C}.Release|Any CPU.ActiveCfg = Release|Any CPU
		{32DBB8D3-07FE-45CC-B451-522C2886B82C}.Release|Any CPU.Build.0 = Release|Any CPU
	EndGlobalSection
	GlobalSection(SolutionProperties) = preSolution
		HideSolutionNode = FALSE
	EndGlobalSection
	GlobalSection(ExtensibilityGlobals) = postSolution
		SolutionGuid = {AFC311C8-FCE4-406E-B3A4-C91EA5FEFB94}
	EndGlobalSection
EndGlobal
